
Microsoft Visual Studio Solution File, Format Version 12.00
# Visual Studio Version 16
VisualStudioVersion = 16.0.30717.126
MinimumVisualStudioVersion = 10.0.40219.1
Project("{8BC9CEB8-8B4A-11D0-8D11-00A0C91BC942}") = "Game", "Game.vcxproj", "{950AA727-BE79-405D-A1BB-63928C529352}"
EndProject
Global
	GlobalSection(SolutionConfigurationPlatforms) = preSolution
		Debug|x64 = Debug|x64
		Debug|x86 = Debug|x86
		Release|x64 = Release|x64
		Release|x86 = Release|x86
	EndGlobalSection
	GlobalSection(ProjectConfigurationPlatforms) = postSolution
		{950AA727-BE79-405D-A1BB-63928C529352}.Debug|x64.ActiveCfg = Debug|x64
		{950AA727-BE79-405D-A1BB-63928C529352}.Debug|x64.Build.0 = Debug|x64
		{950AA727-BE79-405D-A1BB-63928C529352}.Debug|x86.ActiveCfg = Debug|Win32
		{950AA727-BE79-405D-A1BB-63928C529352}.Debug|x86.Build.0 = Debug|Win32
		{950AA727-BE79-405D-A1BB-63928C529352}.Release|x64.ActiveCfg = Release|x64
		{950AA727-BE79-405D-A1BB-63928C529352}.Release|x64.Build.0 = Release|x64
		{950AA727-BE79-405D-A1BB-63928C529352}.Release|x86.ActiveCfg = Release|Win32
		{950AA727-BE79-405D-A1BB-63928C529352}.Release|x86.Build.0 = Release|Win32
	EndGlobalSection
	GlobalSection(SolutionProperties) = preSolution
		HideSolutionNode = FALSE
	EndGlobalSection
	GlobalSection(ExtensibilityGlobals) = postSolution
		SolutionGuid = {635D3B1F-1BF5-42C5-8F7B-DE5428DC2F1A}
	EndGlobalSection
EndGlobal
